
Microsoft Visual Studio Solution File, Format Version 12.00
# Visual Studio Version 17
VisualStudioVersion = 17.13.35825.156 d17.13
MinimumVisualStudioVersion = 10.0.40219.1
Project("{FAE04EC0-301F-11D3-BF4B-00C04F79EFBC}") = "checkpoint-5", "checkpoint-5.csproj", "{E727AC53-D147-409C-9245-BE1554B2B35A}"
EndProject
Global
	GlobalSection(SolutionConfigurationPlatforms) = preSolution
		Debug|Any CPU = Debug|Any CPU
		Release|Any CPU = Release|Any CPU
	EndGlobalSection
	GlobalSection(ProjectConfigurationPlatforms) = postSolution
		{E727AC53-D147-409C-9245-BE1554B2B35A}.Debug|Any CPU.ActiveCfg = Debug|Any CPU
		{E727AC53-D147-409C-9245-BE1554B2B35A}.Debug|Any CPU.Build.0 = Debug|Any CPU
		{E727AC53-D147-409C-9245-BE1554B2B35A}.Release|Any CPU.ActiveCfg = Release|Any CPU
		{E727AC53-D147-409C-9245-BE1554B2B35A}.Release|Any CPU.Build.0 = Release|Any CPU
	EndGlobalSection
	GlobalSection(SolutionProperties) = preSolution
		HideSolutionNode = FALSE
	EndGlobalSection
	GlobalSection(ExtensibilityGlobals) = postSolution
		SolutionGuid = {1F01314C-CF3A-44CF-8800-97C139621DF1}
	EndGlobalSection
EndGlobal
